
Microsoft Visual Studio Solution File, Format Version 12.00
# Visual Studio Version 16
VisualStudioVersion = 16.0.31702.278
MinimumVisualStudioVersion = 10.0.40219.1
Project("{FAE04EC0-301F-11D3-BF4B-00C04F79EFBC}") = "Student Management", "Student Management.csproj", "{16EE0CFB-8B22-4313-B14E-F0CDD11859CB}"
EndProject
Global
	GlobalSection(SolutionConfigurationPlatforms) = preSolution
		Debug|Any CPU = Debug|Any CPU
		Release|Any CPU = Release|Any CPU
	EndGlobalSection
	GlobalSection(ProjectConfigurationPlatforms) = postSolution
		{16EE0CFB-8B22-4313-B14E-F0CDD11859CB}.Debug|Any CPU.ActiveCfg = Debug|Any CPU
		{16EE0CFB-8B22-4313-B14E-F0CDD11859CB}.Debug|Any CPU.Build.0 = Debug|Any CPU
		{16EE0CFB-8B22-4313-B14E-F0CDD11859CB}.Release|Any CPU.ActiveCfg = Release|Any CPU
		{16EE0CFB-8B22-4313-B14E-F0CDD11859CB}.Release|Any CPU.Build.0 = Release|Any CPU
	EndGlobalSection
	GlobalSection(SolutionProperties) = preSolution
		HideSolutionNode = FALSE
	EndGlobalSection
	GlobalSection(ExtensibilityGlobals) = postSolution
		SolutionGuid = {920EED77-A96C-428B-B966-D5EF7153795E}
	EndGlobalSection
EndGlobal
